
Microsoft Visual Studio Solution File, Format Version 12.00
# Visual Studio Version 17
VisualStudioVersion = 17.0.31903.59
MinimumVisualStudioVersion = 10.0.40219.1
Project("{FAE04EC0-301F-11D3-BF4B-00C04F79EFBC}") = "WebApi", "WebApi\WebApi.csproj", "{8FD6C2B7-FF9E-48DD-8B0A-5A9BCEE46C62}"
EndProject
Project("{2150E333-8FDC-42A3-9474-1A3956D46DE8}") = "Tests", "Tests", "{6ECCA265-0668-4731-945E-C17E5214AA16}"
EndProject
Project("{FAE04EC0-301F-11D3-BF4B-00C04F79EFBC}") = "WebApi.UnitTests", "Tests\WebApi.UnitTests\WebApi.UnitTests.csproj", "{1193D867-9AB6-4A80-80B5-8BDB496FF7F5}"
EndProject
Global
	GlobalSection(SolutionConfigurationPlatforms) = preSolution
		Debug|Any CPU = Debug|Any CPU
		Release|Any CPU = Release|Any CPU
	EndGlobalSection
	GlobalSection(SolutionProperties) = preSolution
		HideSolutionNode = FALSE
	EndGlobalSection
	GlobalSection(ProjectConfigurationPlatforms) = postSolution
		{8FD6C2B7-FF9E-48DD-8B0A-5A9BCEE46C62}.Debug|Any CPU.ActiveCfg = Debug|Any CPU
		{8FD6C2B7-FF9E-48DD-8B0A-5A9BCEE46C62}.Debug|Any CPU.Build.0 = Debug|Any CPU
		{8FD6C2B7-FF9E-48DD-8B0A-5A9BCEE46C62}.Release|Any CPU.ActiveCfg = Release|Any CPU
		{8FD6C2B7-FF9E-48DD-8B0A-5A9BCEE46C62}.Release|Any CPU.Build.0 = Release|Any CPU
		{1193D867-9AB6-4A80-80B5-8BDB496FF7F5}.Debug|Any CPU.ActiveCfg = Debug|Any CPU
		{1193D867-9AB6-4A80-80B5-8BDB496FF7F5}.Debug|Any CPU.Build.0 = Debug|Any CPU
		{1193D867-9AB6-4A80-80B5-8BDB496FF7F5}.Release|Any CPU.ActiveCfg = Release|Any CPU
		{1193D867-9AB6-4A80-80B5-8BDB496FF7F5}.Release|Any CPU.Build.0 = Release|Any CPU
	EndGlobalSection
	GlobalSection(NestedProjects) = preSolution
		{1193D867-9AB6-4A80-80B5-8BDB496FF7F5} = {6ECCA265-0668-4731-945E-C17E5214AA16}
	EndGlobalSection
EndGlobal
